{
  "pins" : [
    {
      "identity" : "swift-syntax",
      "kind" : "remoteSourceControl",
      "location" : "https://github.com/apple/swift-syntax.git",
      "state" : {
        "branch" : "swift-DEVELOPMENT-SNAPSHOT-2022-08-30-a",
        "revision" : "c226bdc081cb32bfba6d32132e11e177b2b5511a"
      }
    },
    {
      "identity" : "swift-system",
      "kind" : "remoteSourceControl",
      "location" : "https://github.com/apple/swift-system.git",
      "state" : {
        "revision" : "025bcb1165deab2e20d4eaba79967ce73013f496",
        "version" : "1.2.1"
      }
    },
    {
      "identity" : "swift-system-extras",
      "kind" : "remoteSourceControl",
      "location" : "https://github.com/kelvin13/swift-system-extras.git",
      "state" : {
        "revision" : "42f297a3191e668ed072878d5db3890db8eada50",
        "version" : "0.2.0"
      }
    }
  ],
  "version" : 2
}
